// !$*UTF8*$!
{
	archiveVersion = 1;
	classes = {
	};
	objectVersion = 50;
	objects = {

/* Begin PBXBuildFile section */
		6B1BCFB924AB84600057D294 /* AppDelegate.swift in Sources */ = {isa = PBXBuildFile; fileRef = 6B1BCFB824AB84600057D294 /* AppDelegate.swift */; };
		6B1BCFBE24AB84600057D294 /* Main.storyboard in Resources */ = {isa = PBXBuildFile; fileRef = 6B1BCFBC24AB84600057D294 /* Main.storyboard */; };
		6B1BCFC124AB84600057D294 /* Movie.xcdatamodeld in Sources */ = {isa = PBXBuildFile; fileRef = 6B1BCFBF24AB84600057D294 /* Movie.xcdatamodeld */; };
		6B1BCFC324AB84610057D294 /* Assets.xcassets in Resources */ = {isa = PBXBuildFile; fileRef = 6B1BCFC224AB84610057D294 /* Assets.xcassets */; };
		6B1BCFC624AB84610057D294 /* LaunchScreen.storyboard in Resources */ = {isa = PBXBuildFile; fileRef = 6B1BCFC424AB84610057D294 /* LaunchScreen.storyboard */; };
		6B56F30B24ACDD8100A17C8E /* Captura de Tela 2020-07-01 às 11.54.05 AM.png in Resources */ = {isa = PBXBuildFile; fileRef = 6B56F30A24ACDD8100A17C8E /* Captura de Tela 2020-07-01 às 11.54.05 AM.png */; };
		6BAB03A324ABA782003F0112 /* PageViewController.swift in Sources */ = {isa = PBXBuildFile; fileRef = 6BAB03A224ABA782003F0112 /* PageViewController.swift */; };
		6BAB03A624ABA7AC003F0112 /* PageOneViewController.swift in Sources */ = {isa = PBXBuildFile; fileRef = 6BAB03A424ABA7AB003F0112 /* PageOneViewController.swift */; };
		6BAB03A724ABA7AC003F0112 /* PageOneViewController.xib in Resources */ = {isa = PBXBuildFile; fileRef = 6BAB03A524ABA7AC003F0112 /* PageOneViewController.xib */; };
		6BAB03AA24ABA7CA003F0112 /* PageTwoViewController.swift in Sources */ = {isa = PBXBuildFile; fileRef = 6BAB03A824ABA7CA003F0112 /* PageTwoViewController.swift */; };
		6BAB03AB24ABA7CA003F0112 /* PageTwoViewController.xib in Resources */ = {isa = PBXBuildFile; fileRef = 6BAB03A924ABA7CA003F0112 /* PageTwoViewController.xib */; };
		6BAB03AE24ABA7E4003F0112 /* PageThreeViewController.swift in Sources */ = {isa = PBXBuildFile; fileRef = 6BAB03AC24ABA7E4003F0112 /* PageThreeViewController.swift */; };
		6BAB03AF24ABA7E4003F0112 /* PageThreeViewController.xib in Resources */ = {isa = PBXBuildFile; fileRef = 6BAB03AD24ABA7E4003F0112 /* PageThreeViewController.xib */; };
		6BAB03B424ACA3BF003F0112 /* HomeViewController.swift in Sources */ = {isa = PBXBuildFile; fileRef = 6BAB03B224ACA3BF003F0112 /* HomeViewController.swift */; };
		6BAB03B524ACA3BF003F0112 /* HomeViewController.xib in Resources */ = {isa = PBXBuildFile; fileRef = 6BAB03B324ACA3BF003F0112 /* HomeViewController.xib */; };
		6BC8AC0524ACFEDE00FE9245 /* Captura de Tela 2020-07-01 às 2.24.37 PM.png in Resources */ = {isa = PBXBuildFile; fileRef = 6BC8AC0424ACFEDE00FE9245 /* Captura de Tela 2020-07-01 às 2.24.37 PM.png */; };
		6BC8AC0724AD061A00FE9245 /* Captura de Tela 2020-07-01 às 2.55.27 PM.png in Resources */ = {isa = PBXBuildFile; fileRef = 6BC8AC0624AD061A00FE9245 /* Captura de Tela 2020-07-01 às 2.55.27 PM.png */; };
		6BC8AC0B24AD28B400FE9245 /* SourceCodePro-Black.ttf in Resources */ = {isa = PBXBuildFile; fileRef = 6BC8AC0924AD286C00FE9245 /* SourceCodePro-Black.ttf */; };
		6BC8AC0C24AD28B700FE9245 /* SourceCodePro-Bold.ttf in Resources */ = {isa = PBXBuildFile; fileRef = 6BC8AC0A24AD288300FE9245 /* SourceCodePro-Bold.ttf */; };
		6BC8AC0F24AD2C1800FE9245 /* Roboto-Bold.ttf in Resources */ = {isa = PBXBuildFile; fileRef = 6BC8AC0E24AD2C1500FE9245 /* Roboto-Bold.ttf */; };
		6BC8AC1024AD2C1C00FE9245 /* Roboto-Black.ttf in Resources */ = {isa = PBXBuildFile; fileRef = 6BC8AC0D24AD2C0C00FE9245 /* Roboto-Black.ttf */; };
		7A5B8EEA98310F26A7A1C0D7 /* Pods_Movie.framework in Frameworks */ = {isa = PBXBuildFile; fileRef = 54E22DC2E185BDA9D5C8E427 /* Pods_Movie.framework */; };
/* End PBXBuildFile section */

/* Begin PBXFileReference section */
		54E22DC2E185BDA9D5C8E427 /* Pods_Movie.framework */ = {isa = PBXFileReference; explicitFileType = wrapper.framework; includeInIndex = 0; path = Pods_Movie.framework; sourceTree = BUILT_PRODUCTS_DIR; };
		6B1BCFB524AB84600057D294 /* Movie.app */ = {isa = PBXFileReference; explicitFileType = wrapper.application; includeInIndex = 0; path = Movie.app; sourceTree = BUILT_PRODUCTS_DIR; };
		6B1BCFB824AB84600057D294 /* AppDelegate.swift */ = {isa = PBXFileReference; lastKnownFileType = sourcecode.swift; path = AppDelegate.swift; sourceTree = "<group>"; };
		6B1BCFBD24AB84600057D294 /* Base */ = {isa = PBXFileReference; lastKnownFileType = file.storyboard; name = Base; path = Base.lproj/Main.storyboard; sourceTree = "<group>"; };
		6B1BCFC024AB84600057D294 /* Movie.xcdatamodel */ = {isa = PBXFileReference; lastKnownFileType = wrapper.xcdatamodel; path = Movie.xcdatamodel; sourceTree = "<group>"; };
		6B1BCFC224AB84610057D294 /* Assets.xcassets */ = {isa = PBXFileReference; lastKnownFileType = folder.assetcatalog; path = Assets.xcassets; sourceTree = "<group>"; };
		6B1BCFC524AB84610057D294 /* Base */ = {isa = PBXFileReference; lastKnownFileType = file.storyboard; name = Base; path = Base.lproj/LaunchScreen.storyboard; sourceTree = "<group>"; };
		6B1BCFC724AB84610057D294 /* Info.plist */ = {isa = PBXFileReference; lastKnownFileType = text.plist.xml; path = Info.plist; sourceTree = "<group>"; };
		6B56F30A24ACDD8100A17C8E /* Captura de Tela 2020-07-01 às 11.54.05 AM.png */ = {isa = PBXFileReference; lastKnownFileType = image.png; path = "Captura de Tela 2020-07-01 às 11.54.05 AM.png"; sourceTree = "<group>"; };
		6BAB03A224ABA782003F0112 /* PageViewController.swift */ = {isa = PBXFileReference; lastKnownFileType = sourcecode.swift; path = PageViewController.swift; sourceTree = "<group>"; };
		6BAB03A424ABA7AB003F0112 /* PageOneViewController.swift */ = {isa = PBXFileReference; lastKnownFileType = sourcecode.swift; path = PageOneViewController.swift; sourceTree = "<group>"; };
		6BAB03A524ABA7AC003F0112 /* PageOneViewController.xib */ = {isa = PBXFileReference; lastKnownFileType = file.xib; path = PageOneViewController.xib; sourceTree = "<group>"; };
		6BAB03A824ABA7CA003F0112 /* PageTwoViewController.swift */ = {isa = PBXFileReference; lastKnownFileType = sourcecode.swift; path = PageTwoViewController.swift; sourceTree = "<group>"; };
		6BAB03A924ABA7CA003F0112 /* PageTwoViewController.xib */ = {isa = PBXFileReference; lastKnownFileType = file.xib; path = PageTwoViewController.xib; sourceTree = "<group>"; };
		6BAB03AC24ABA7E4003F0112 /* PageThreeViewController.swift */ = {isa = PBXFileReference; lastKnownFileType = sourcecode.swift; path = PageThreeViewController.swift; sourceTree = "<group>"; };
		6BAB03AD24ABA7E4003F0112 /* PageThreeViewController.xib */ = {isa = PBXFileReference; lastKnownFileType = file.xib; path = PageThreeViewController.xib; sourceTree = "<group>"; };
		6BAB03B224ACA3BF003F0112 /* HomeViewController.swift */ = {isa = PBXFileReference; lastKnownFileType = sourcecode.swift; path = HomeViewController.swift; sourceTree = "<group>"; };
		6BAB03B324ACA3BF003F0112 /* HomeViewController.xib */ = {isa = PBXFileReference; lastKnownFileType = file.xib; path = HomeViewController.xib; sourceTree = "<group>"; };
		6BC8AC0424ACFEDE00FE9245 /* Captura de Tela 2020-07-01 às 2.24.37 PM.png */ = {isa = PBXFileReference; lastKnownFileType = image.png; path = "Captura de Tela 2020-07-01 às 2.24.37 PM.png"; sourceTree = "<group>"; };
		6BC8AC0624AD061A00FE9245 /* Captura de Tela 2020-07-01 às 2.55.27 PM.png */ = {isa = PBXFileReference; lastKnownFileType = image.png; path = "Captura de Tela 2020-07-01 às 2.55.27 PM.png"; sourceTree = "<group>"; };
		6BC8AC0924AD286C00FE9245 /* SourceCodePro-Black.ttf */ = {isa = PBXFileReference; lastKnownFileType = file; path = "SourceCodePro-Black.ttf"; sourceTree = "<group>"; };
		6BC8AC0A24AD288300FE9245 /* SourceCodePro-Bold.ttf */ = {isa = PBXFileReference; lastKnownFileType = file; path = "SourceCodePro-Bold.ttf"; sourceTree = "<group>"; };
		6BC8AC0D24AD2C0C00FE9245 /* Roboto-Black.ttf */ = {isa = PBXFileReference; lastKnownFileType = file; path = "Roboto-Black.ttf"; sourceTree = "<group>"; };
		6BC8AC0E24AD2C1500FE9245 /* Roboto-Bold.ttf */ = {isa = PBXFileReference; lastKnownFileType = file; path = "Roboto-Bold.ttf"; sourceTree = "<group>"; };
		83020E16DEB8973202233455 /* Pods-Movie.release.xcconfig */ = {isa = PBXFileReference; includeInIndex = 1; lastKnownFileType = text.xcconfig; name = "Pods-Movie.release.xcconfig"; path = "Target Support Files/Pods-Movie/Pods-Movie.release.xcconfig"; sourceTree = "<group>"; };
		CBF773C4CD8543FA91BB781C /* Pods-Movie.debug.xcconfig */ = {isa = PBXFileReference; includeInIndex = 1; lastKnownFileType = text.xcconfig; name = "Pods-Movie.debug.xcconfig"; path = "Target Support Files/Pods-Movie/Pods-Movie.debug.xcconfig"; sourceTree = "<group>"; };
/* End PBXFileReference section */

/* Begin PBXFrameworksBuildPhase section */
		6B1BCFB224AB84600057D294 /* Frameworks */ = {
			isa = PBXFrameworksBuildPhase;
			buildActionMask = 2147483647;
			files = (
				7A5B8EEA98310F26A7A1C0D7 /* Pods_Movie.framework in Frameworks */,
			);
			runOnlyForDeploymentPostprocessing = 0;
		};
/* End PBXFrameworksBuildPhase section */

/* Begin PBXGroup section */
		278A857870FE1D62FDF06CBD /* Frameworks */ = {
			isa = PBXGroup;
			children = (
				54E22DC2E185BDA9D5C8E427 /* Pods_Movie.framework */,
			);
			name = Frameworks;
			sourceTree = "<group>";
		};
		27A52D235081792E0D6023C6 /* Pods */ = {
			isa = PBXGroup;
			children = (
				CBF773C4CD8543FA91BB781C /* Pods-Movie.debug.xcconfig */,
				83020E16DEB8973202233455 /* Pods-Movie.release.xcconfig */,
			);
			path = Pods;
			sourceTree = "<group>";
		};
		6B1BCFAC24AB84600057D294 = {
			isa = PBXGroup;
			children = (
				6B1BCFB724AB84600057D294 /* Movie */,
				6B1BCFB624AB84600057D294 /* Products */,
				27A52D235081792E0D6023C6 /* Pods */,
				278A857870FE1D62FDF06CBD /* Frameworks */,
			);
			sourceTree = "<group>";
		};
		6B1BCFB624AB84600057D294 /* Products */ = {
			isa = PBXGroup;
			children = (
				6B1BCFB524AB84600057D294 /* Movie.app */,
			);
			name = Products;
			sourceTree = "<group>";
		};
		6B1BCFB724AB84600057D294 /* Movie */ = {
			isa = PBXGroup;
			children = (
				6B1BCFB824AB84600057D294 /* AppDelegate.swift */,
				6BAB03B124AC8C48003F0112 /* ViewModel */,
				6BAB03B024AC8C1F003F0112 /* View */,
				6B56F30924ACDBE500A17C8E /* Assets */,
				6BC8AC0824AD284D00FE9245 /* Fonts */,
				6B1BCFBC24AB84600057D294 /* Main.storyboard */,
				6B1BCFC224AB84610057D294 /* Assets.xcassets */,
				6B1BCFC424AB84610057D294 /* LaunchScreen.storyboard */,
				6B1BCFC724AB84610057D294 /* Info.plist */,
				6B1BCFBF24AB84600057D294 /* Movie.xcdatamodeld */,
			);
			path = Movie;
			sourceTree = "<group>";
		};
		6B56F30924ACDBE500A17C8E /* Assets */ = {
			isa = PBXGroup;
			children = (
				6B56F30A24ACDD8100A17C8E /* Captura de Tela 2020-07-01 às 11.54.05 AM.png */,
				6BC8AC0424ACFEDE00FE9245 /* Captura de Tela 2020-07-01 às 2.24.37 PM.png */,
				6BC8AC0624AD061A00FE9245 /* Captura de Tela 2020-07-01 às 2.55.27 PM.png */,
			);
			path = Assets;
			sourceTree = "<group>";
		};
		6BAB03B024AC8C1F003F0112 /* View */ = {
			isa = PBXGroup;
			children = (
				6BAB03A524ABA7AC003F0112 /* PageOneViewController.xib */,
				6BAB03A924ABA7CA003F0112 /* PageTwoViewController.xib */,
				6BAB03AD24ABA7E4003F0112 /* PageThreeViewController.xib */,
				6BAB03B324ACA3BF003F0112 /* HomeViewController.xib */,
			);
			path = View;
			sourceTree = "<group>";
		};
		6BAB03B124AC8C48003F0112 /* ViewModel */ = {
			isa = PBXGroup;
			children = (
				6BAB03A224ABA782003F0112 /* PageViewController.swift */,
				6BAB03A424ABA7AB003F0112 /* PageOneViewController.swift */,
				6BAB03A824ABA7CA003F0112 /* PageTwoViewController.swift */,
				6BAB03AC24ABA7E4003F0112 /* PageThreeViewController.swift */,
				6BAB03B224ACA3BF003F0112 /* HomeViewController.swift */,
			);
			path = ViewModel;
			sourceTree = "<group>";
		};
		6BC8AC0824AD284D00FE9245 /* Fonts */ = {
			isa = PBXGroup;
			children = (
				6BC8AC0E24AD2C1500FE9245 /* Roboto-Bold.ttf */,
				6BC8AC0D24AD2C0C00FE9245 /* Roboto-Black.ttf */,
				6BC8AC0924AD286C00FE9245 /* SourceCodePro-Black.ttf */,
				6BC8AC0A24AD288300FE9245 /* SourceCodePro-Bold.ttf */,
			);
			path = Fonts;
			sourceTree = "<group>";
		};
/* End PBXGroup section */

/* Begin PBXNativeTarget section */
		6B1BCFB424AB84600057D294 /* Movie */ = {
			isa = PBXNativeTarget;
			buildConfigurationList = 6B1BCFCA24AB84610057D294 /* Build configuration list for PBXNativeTarget "Movie" */;
			buildPhases = (
				3DBA007FECA2CCD56653C0D5 /* [CP] Check Pods Manifest.lock */,
				6B1BCFB124AB84600057D294 /* Sources */,
				6B1BCFB224AB84600057D294 /* Frameworks */,
				6B1BCFB324AB84600057D294 /* Resources */,
			);
			buildRules = (
			);
			dependencies = (
			);
			name = Movie;
			productName = Movie;
			productReference = 6B1BCFB524AB84600057D294 /* Movie.app */;
			productType = "com.apple.product-type.application";
		};
/* End PBXNativeTarget section */

/* Begin PBXProject section */
		6B1BCFAD24AB84600057D294 /* Project object */ = {
			isa = PBXProject;
			attributes = {
				LastSwiftUpdateCheck = 1010;
				LastUpgradeCheck = 1010;
				ORGANIZATIONNAME = "Kaique Santos Souza";
				TargetAttributes = {
					6B1BCFB424AB84600057D294 = {
						CreatedOnToolsVersion = 10.1;
					};
				};
			};
			buildConfigurationList = 6B1BCFB024AB84600057D294 /* Build configuration list for PBXProject "Movie" */;
			compatibilityVersion = "Xcode 9.3";
			developmentRegion = en;
			hasScannedForEncodings = 0;
			knownRegions = (
				en,
				Base,
			);
			mainGroup = 6B1BCFAC24AB84600057D294;
			productRefGroup = 6B1BCFB624AB84600057D294 /* Products */;
			projectDirPath = "";
			projectRoot = "";
			targets = (
				6B1BCFB424AB84600057D294 /* Movie */,
			);
		};
/* End PBXProject section */

/* Begin PBXResourcesBuildPhase section */
		6B1BCFB324AB84600057D294 /* Resources */ = {
			isa = PBXResourcesBuildPhase;
			buildActionMask = 2147483647;
			files = (
				6B1BCFC624AB84610057D294 /* LaunchScreen.storyboard in Resources */,
				6BC8AC0F24AD2C1800FE9245 /* Roboto-Bold.ttf in Resources */,
				6BC8AC0724AD061A00FE9245 /* Captura de Tela 2020-07-01 às 2.55.27 PM.png in Resources */,
				6BAB03AB24ABA7CA003F0112 /* PageTwoViewController.xib in Resources */,
				6BC8AC0524ACFEDE00FE9245 /* Captura de Tela 2020-07-01 às 2.24.37 PM.png in Resources */,
				6BAB03AF24ABA7E4003F0112 /* PageThreeViewController.xib in Resources */,
				6B1BCFC324AB84610057D294 /* Assets.xcassets in Resources */,
				6B56F30B24ACDD8100A17C8E /* Captura de Tela 2020-07-01 às 11.54.05 AM.png in Resources */,
				6B1BCFBE24AB84600057D294 /* Main.storyboard in Resources */,
				6BAB03B524ACA3BF003F0112 /* HomeViewController.xib in Resources */,
				6BC8AC0C24AD28B700FE9245 /* SourceCodePro-Bold.ttf in Resources */,
				6BC8AC1024AD2C1C00FE9245 /* Roboto-Black.ttf in Resources */,
				6BAB03A724ABA7AC003F0112 /* PageOneViewController.xib in Resources */,
				6BC8AC0B24AD28B400FE9245 /* SourceCodePro-Black.ttf in Resources */,
			);
			runOnlyForDeploymentPostprocessing = 0;
		};
/* End PBXResourcesBuildPhase section */

/* Begin PBXShellScriptBuildPhase section */
		3DBA007FECA2CCD56653C0D5 /* [CP] Check Pods Manifest.lock */ = {
			isa = PBXShellScriptBuildPhase;
			buildActionMask = 2147483647;
			files = (
			);
			inputFileListPaths = (
			);
			inputPaths = (
				"${PODS_PODFILE_DIR_PATH}/Podfile.lock",
				"${PODS_ROOT}/Manifest.lock",
			);
			name = "[CP] Check Pods Manifest.lock";
			outputFileListPaths = (
			);
			outputPaths = (
				"$(DERIVED_FILE_DIR)/Pods-Movie-checkManifestLockResult.txt",
			);
			runOnlyForDeploymentPostprocessing = 0;
			shellPath = /bin/sh;
			shellScript = "diff \"${PODS_PODFILE_DIR_PATH}/Podfile.lock\" \"${PODS_ROOT}/Manifest.lock\" > /dev/null\nif [ $? != 0 ] ; then\n    # print error to STDERR\n    echo \"error: The sandbox is not in sync with the Podfile.lock. Run 'pod install' or update your CocoaPods installation.\" >&2\n    exit 1\nfi\n# This output is used by Xcode 'outputs' to avoid re-running this script phase.\necho \"SUCCESS\" > \"${SCRIPT_OUTPUT_FILE_0}\"\n";
			showEnvVarsInLog = 0;
		};
/* End PBXShellScriptBuildPhase section */

/* Begin PBXSourcesBuildPhase section */
		6B1BCFB124AB84600057D294 /* Sources */ = {
			isa = PBXSourcesBuildPhase;
			buildActionMask = 2147483647;
			files = (
				6BAB03AE24ABA7E4003F0112 /* PageThreeViewController.swift in Sources */,
				6B1BCFC124AB84600057D294 /* Movie.xcdatamodeld in Sources */,
				6BAB03AA24ABA7CA003F0112 /* PageTwoViewController.swift in Sources */,
				6BAB03A624ABA7AC003F0112 /* PageOneViewController.swift in Sources */,
				6B1BCFB924AB84600057D294 /* AppDelegate.swift in Sources */,
				6BAB03B424ACA3BF003F0112 /* HomeViewController.swift in Sources */,
				6BAB03A324ABA782003F0112 /* PageViewController.swift in Sources */,
			);
			runOnlyForDeploymentPostprocessing = 0;
		};
/* End PBXSourcesBuildPhase section */

/* Begin PBXVariantGroup section */
		6B1BCFBC24AB84600057D294 /* Main.storyboard */ = {
			isa = PBXVariantGroup;
			children = (
				6B1BCFBD24AB84600057D294 /* Base */,
			);
			name = Main.storyboard;
			sourceTree = "<group>";
		};
		6B1BCFC424AB84610057D294 /* LaunchScreen.storyboard */ = {
			isa = PBXVariantGroup;
			children = (
				6B1BCFC524AB84610057D294 /* Base */,
			);
			name = LaunchScreen.storyboard;
			sourceTree = "<group>";
		};
/* End PBXVariantGroup section */

/* Begin XCBuildConfiguration section */
		6B1BCFC824AB84610057D294 /* Debug */ = {
			isa = XCBuildConfiguration;
			buildSettings = {
				ALWAYS_SEARCH_USER_PATHS = NO;
				CLANG_ANALYZER_NONNULL = YES;
				CLANG_ANALYZER_NUMBER_OBJECT_CONVERSION = YES_AGGRESSIVE;
				CLANG_CXX_LANGUAGE_STANDARD = "gnu++14";
				CLANG_CXX_LIBRARY = "libc++";
				CLANG_ENABLE_MODULES = YES;
				CLANG_ENABLE_OBJC_ARC = YES;
				CLANG_ENABLE_OBJC_WEAK = YES;
				CLANG_WARN_BLOCK_CAPTURE_AUTORELEASING = YES;
				CLANG_WARN_BOOL_CONVERSION = YES;
				CLANG_WARN_COMMA = YES;
				CLANG_WARN_CONSTANT_CONVERSION = YES;
				CLANG_WARN_DEPRECATED_OBJC_IMPLEMENTATIONS = YES;
				CLANG_WARN_DIRECT_OBJC_ISA_USAGE = YES_ERROR;
				CLANG_WARN_DOCUMENTATION_COMMENTS = YES;
				CLANG_WARN_EMPTY_BODY = YES;
				CLANG_WARN_ENUM_CONVERSION = YES;
				CLANG_WARN_INFINITE_RECURSION = YES;
				CLANG_WARN_INT_CONVERSION = YES;
				CLANG_WARN_NON_LITERAL_NULL_CONVERSION = YES;
				CLANG_WARN_OBJC_IMPLICIT_RETAIN_SELF = YES;
				CLANG_WARN_OBJC_LITERAL_CONVERSION = YES;
				CLANG_WARN_OBJC_ROOT_CLASS = YES_ERROR;
				CLANG_WARN_RANGE_LOOP_ANALYSIS = YES;
				CLANG_WARN_STRICT_PROTOTYPES = YES;
				CLANG_WARN_SUSPICIOUS_MOVE = YES;
				CLANG_WARN_UNGUARDED_AVAILABILITY = YES_AGGRESSIVE;
				CLANG_WARN_UNREACHABLE_CODE = YES;
				CLANG_WARN__DUPLICATE_METHOD_MATCH = YES;
				CODE_SIGN_IDENTITY = "iPhone Developer";
				COPY_PHASE_STRIP = NO;
				DEBUG_INFORMATION_FORMAT = dwarf;
				ENABLE_STRICT_OBJC_MSGSEND = YES;
				ENABLE_TESTABILITY = YES;
				GCC_C_LANGUAGE_STANDARD = gnu11;
				GCC_DYNAMIC_NO_PIC = NO;
				GCC_NO_COMMON_BLOCKS = YES;
				GCC_OPTIMIZATION_LEVEL = 0;
				GCC_PREPROCESSOR_DEFINITIONS = (
					"DEBUG=1",
					"$(inherited)",
				);
				GCC_WARN_64_TO_32_BIT_CONVERSION = YES;
				GCC_WARN_ABOUT_RETURN_TYPE = YES_ERROR;
				GCC_WARN_UNDECLARED_SELECTOR = YES;
				GCC_WARN_UNINITIALIZED_AUTOS = YES_AGGRESSIVE;
				GCC_WARN_UNUSED_FUNCTION = YES;
				GCC_WARN_UNUSED_VARIABLE = YES;
				IPHONEOS_DEPLOYMENT_TARGET = 12.1;
				MTL_ENABLE_DEBUG_INFO = INCLUDE_SOURCE;
				MTL_FAST_MATH = YES;
				ONLY_ACTIVE_ARCH = YES;
				SDKROOT = iphoneos;
				SWIFT_ACTIVE_COMPILATION_CONDITIONS = DEBUG;
				SWIFT_OPTIMIZATION_LEVEL = "-Onone";
			};
			name = Debug;
		};
		6B1BCFC924AB84610057D294 /* Release */ = {
			isa = XCBuildConfiguration;
			buildSettings = {
				ALWAYS_SEARCH_USER_PATHS = NO;
				CLANG_ANALYZER_NONNULL = YES;
				CLANG_ANALYZER_NUMBER_OBJECT_CONVERSION = YES_AGGRESSIVE;
				CLANG_CXX_LANGUAGE_STANDARD = "gnu++14";
				CLANG_CXX_LIBRARY = "libc++";
				CLANG_ENABLE_MODULES = YES;
				CLANG_ENABLE_OBJC_ARC = YES;
				CLANG_ENABLE_OBJC_WEAK = YES;
				CLANG_WARN_BLOCK_CAPTURE_AUTORELEASING = YES;
				CLANG_WARN_BOOL_CONVERSION = YES;
				CLANG_WARN_COMMA = YES;
				CLANG_WARN_CONSTANT_CONVERSION = YES;
				CLANG_WARN_DEPRECATED_OBJC_IMPLEMENTATIONS = YES;
				CLANG_WARN_DIRECT_OBJC_ISA_USAGE = YES_ERROR;
				CLANG_WARN_DOCUMENTATION_COMMENTS = YES;
				CLANG_WARN_EMPTY_BODY = YES;
				CLANG_WARN_ENUM_CONVERSION = YES;
				CLANG_WARN_INFINITE_RECURSION = YES;
				CLANG_WARN_INT_CONVERSION = YES;
				CLANG_WARN_NON_LITERAL_NULL_CONVERSION = YES;
				CLANG_WARN_OBJC_IMPLICIT_RETAIN_SELF = YES;
				CLANG_WARN_OBJC_LITERAL_CONVERSION = YES;
				CLANG_WARN_OBJC_ROOT_CLASS = YES_ERROR;
				CLANG_WARN_RANGE_LOOP_ANALYSIS = YES;
				CLANG_WARN_STRICT_PROTOTYPES = YES;
				CLANG_WARN_SUSPICIOUS_MOVE = YES;
				CLANG_WARN_UNGUARDED_AVAILABILITY = YES_AGGRESSIVE;
				CLANG_WARN_UNREACHABLE_CODE = YES;
				CLANG_WARN__DUPLICATE_METHOD_MATCH = YES;
				CODE_SIGN_IDENTITY = "iPhone Developer";
				COPY_PHASE_STRIP = NO;
				DEBUG_INFORMATION_FORMAT = "dwarf-with-dsym";
				ENABLE_NS_ASSERTIONS = NO;
				ENABLE_STRICT_OBJC_MSGSEND = YES;
				GCC_C_LANGUAGE_STANDARD = gnu11;
				GCC_NO_COMMON_BLOCKS = YES;
				GCC_WARN_64_TO_32_BIT_CONVERSION = YES;
				GCC_WARN_ABOUT_RETURN_TYPE = YES_ERROR;
				GCC_WARN_UNDECLARED_SELECTOR = YES;
				GCC_WARN_UNINITIALIZED_AUTOS = YES_AGGRESSIVE;
				GCC_WARN_UNUSED_FUNCTION = YES;
				GCC_WARN_UNUSED_VARIABLE = YES;
				IPHONEOS_DEPLOYMENT_TARGET = 12.1;
				MTL_ENABLE_DEBUG_INFO = NO;
				MTL_FAST_MATH = YES;
				SDKROOT = iphoneos;
				SWIFT_COMPILATION_MODE = wholemodule;
				SWIFT_OPTIMIZATION_LEVEL = "-O";
				VALIDATE_PRODUCT = YES;
			};
			name = Release;
		};
		6B1BCFCB24AB84610057D294 /* Debug */ = {
			isa = XCBuildConfiguration;
			baseConfigurationReference = CBF773C4CD8543FA91BB781C /* Pods-Movie.debug.xcconfig */;
			buildSettings = {
				ASSETCATALOG_COMPILER_APPICON_NAME = AppIcon;
				CODE_SIGN_STYLE = Automatic;
				INFOPLIST_FILE = Movie/Info.plist;
				LD_RUNPATH_SEARCH_PATHS = (
					"$(inherited)",
					"@executable_path/Frameworks",
				);
				PRODUCT_BUNDLE_IDENTIFIER = movie.Movie;
				PRODUCT_NAME = "$(TARGET_NAME)";
				SWIFT_VERSION = 4.2;
				TARGETED_DEVICE_FAMILY = "1,2";
			};
			name = Debug;
		};
		6B1BCFCC24AB84610057D294 /* Release */ = {
			isa = XCBuildConfiguration;
			baseConfigurationReference = 83020E16DEB8973202233455 /* Pods-Movie.release.xcconfig */;
			buildSettings = {
				ASSETCATALOG_COMPILER_APPICON_NAME = AppIcon;
				CODE_SIGN_STYLE = Automatic;
				INFOPLIST_FILE = Movie/Info.plist;
				LD_RUNPATH_SEARCH_PATHS = (
					"$(inherited)",
					"@executable_path/Frameworks",
				);
				PRODUCT_BUNDLE_IDENTIFIER = movie.Movie;
				PRODUCT_NAME = "$(TARGET_NAME)";
				SWIFT_VERSION = 4.2;
				TARGETED_DEVICE_FAMILY = "1,2";
			};
			name = Release;
		};
/* End XCBuildConfiguration section */

/* Begin XCConfigurationList section */
		6B1BCFB024AB84600057D294 /* Build configuration list for PBXProject "Movie" */ = {
			isa = XCConfigurationList;
			buildConfigurations = (
				6B1BCFC824AB84610057D294 /* Debug */,
				6B1BCFC924AB84610057D294 /* Release */,
			);
			defaultConfigurationIsVisible = 0;
			defaultConfigurationName = Release;
		};
		6B1BCFCA24AB84610057D294 /* Build configuration list for PBXNativeTarget "Movie" */ = {
			isa = XCConfigurationList;
			buildConfigurations = (
				6B1BCFCB24AB84610057D294 /* Debug */,
				6B1BCFCC24AB84610057D294 /* Release */,
			);
			defaultConfigurationIsVisible = 0;
			defaultConfigurationName = Release;
		};
/* End XCConfigurationList section */

/* Begin XCVersionGroup section */
		6B1BCFBF24AB84600057D294 /* Movie.xcdatamodeld */ = {
			isa = XCVersionGroup;
			children = (
				6B1BCFC024AB84600057D294 /* Movie.xcdatamodel */,
			);
			currentVersion = 6B1BCFC024AB84600057D294 /* Movie.xcdatamodel */;
			path = Movie.xcdatamodeld;
			sourceTree = "<group>";
			versionGroupType = wrapper.xcdatamodel;
		};
/* End XCVersionGroup section */
	};
	rootObject = 6B1BCFAD24AB84600057D294 /* Project object */;
}
